
Microsoft Visual Studio Solution File, Format Version 12.00
# Visual Studio Version 17
VisualStudioVersion = 17.13.35818.85
MinimumVisualStudioVersion = 10.0.40219.1
Project("{FAE04EC0-301F-11D3-BF4B-00C04F79EFBC}") = "Day1", "Day1\Day1.csproj", "{7869592C-F5D5-43C0-9E60-AAF50E7FB04F}"
EndProject
Project("{FAE04EC0-301F-11D3-BF4B-00C04F79EFBC}") = "Day2", "Day2\Day2.csproj", "{49F2CE4B-2810-45A9-9986-5E4CC4CAFC72}"
EndProject
Project("{FAE04EC0-301F-11D3-BF4B-00C04F79EFBC}") = "Day3", "Day3\Day3.csproj", "{1E61BF00-9683-4347-BCE8-6CF7A798940C}"
EndProject
Project("{2150E333-8FDC-42A3-9474-1A3956D46DE8}") = "Basic C#", "Basic C#", "{02EA681E-C7D8-13C7-8484-4AC65E1B71E8}"
EndProject
Project("{2150E333-8FDC-42A3-9474-1A3956D46DE8}") = "OOP", "OOP", "{3ECD5A51-D7ED-4088-A1F0-F0C8CB4463F4}"
EndProject
Project("{FAE04EC0-301F-11D3-BF4B-00C04F79EFBC}") = "Day4", "Day4\Day4.csproj", "{54036AE6-8F73-4F31-882C-62C77ACA1946}"
EndProject
Project("{FAE04EC0-301F-11D3-BF4B-00C04F79EFBC}") = "Common", "Common\Common.csproj", "{C3311584-CE9F-44D3-8B8D-C0280C88D6F4}"
EndProject
Global
	GlobalSection(SolutionConfigurationPlatforms) = preSolution
		Debug|Any CPU = Debug|Any CPU
		Release|Any CPU = Release|Any CPU
	EndGlobalSection
	GlobalSection(ProjectConfigurationPlatforms) = postSolution
		{7869592C-F5D5-43C0-9E60-AAF50E7FB04F}.Debug|Any CPU.ActiveCfg = Debug|Any CPU
		{7869592C-F5D5-43C0-9E60-AAF50E7FB04F}.Debug|Any CPU.Build.0 = Debug|Any CPU
		{7869592C-F5D5-43C0-9E60-AAF50E7FB04F}.Release|Any CPU.ActiveCfg = Release|Any CPU
		{7869592C-F5D5-43C0-9E60-AAF50E7FB04F}.Release|Any CPU.Build.0 = Release|Any CPU
		{49F2CE4B-2810-45A9-9986-5E4CC4CAFC72}.Debug|Any CPU.ActiveCfg = Debug|Any CPU
		{49F2CE4B-2810-45A9-9986-5E4CC4CAFC72}.Debug|Any CPU.Build.0 = Debug|Any CPU
		{49F2CE4B-2810-45A9-9986-5E4CC4CAFC72}.Release|Any CPU.ActiveCfg = Release|Any CPU
		{49F2CE4B-2810-45A9-9986-5E4CC4CAFC72}.Release|Any CPU.Build.0 = Release|Any CPU
		{1E61BF00-9683-4347-BCE8-6CF7A798940C}.Debug|Any CPU.ActiveCfg = Debug|Any CPU
		{1E61BF00-9683-4347-BCE8-6CF7A798940C}.Debug|Any CPU.Build.0 = Debug|Any CPU
		{1E61BF00-9683-4347-BCE8-6CF7A798940C}.Release|Any CPU.ActiveCfg = Release|Any CPU
		{1E61BF00-9683-4347-BCE8-6CF7A798940C}.Release|Any CPU.Build.0 = Release|Any CPU
		{54036AE6-8F73-4F31-882C-62C77ACA1946}.Debug|Any CPU.ActiveCfg = Debug|Any CPU
		{54036AE6-8F73-4F31-882C-62C77ACA1946}.Debug|Any CPU.Build.0 = Debug|Any CPU
		{54036AE6-8F73-4F31-882C-62C77ACA1946}.Release|Any CPU.ActiveCfg = Release|Any CPU
		{54036AE6-8F73-4F31-882C-62C77ACA1946}.Release|Any CPU.Build.0 = Release|Any CPU
		{C3311584-CE9F-44D3-8B8D-C0280C88D6F4}.Debug|Any CPU.ActiveCfg = Debug|Any CPU
		{C3311584-CE9F-44D3-8B8D-C0280C88D6F4}.Debug|Any CPU.Build.0 = Debug|Any CPU
		{C3311584-CE9F-44D3-8B8D-C0280C88D6F4}.Release|Any CPU.ActiveCfg = Release|Any CPU
		{C3311584-CE9F-44D3-8B8D-C0280C88D6F4}.Release|Any CPU.Build.0 = Release|Any CPU
	EndGlobalSection
	GlobalSection(SolutionProperties) = preSolution
		HideSolutionNode = FALSE
	EndGlobalSection
	GlobalSection(NestedProjects) = preSolution
		{7869592C-F5D5-43C0-9E60-AAF50E7FB04F} = {02EA681E-C7D8-13C7-8484-4AC65E1B71E8}
		{49F2CE4B-2810-45A9-9986-5E4CC4CAFC72} = {02EA681E-C7D8-13C7-8484-4AC65E1B71E8}
		{1E61BF00-9683-4347-BCE8-6CF7A798940C} = {02EA681E-C7D8-13C7-8484-4AC65E1B71E8}
		{54036AE6-8F73-4F31-882C-62C77ACA1946} = {3ECD5A51-D7ED-4088-A1F0-F0C8CB4463F4}
	EndGlobalSection
	GlobalSection(ExtensibilityGlobals) = postSolution
		SolutionGuid = {07107EEA-4F2F-4CAF-9B7F-30216B06CAD2}
	EndGlobalSection
EndGlobal
